
Microsoft Visual Studio Solution File, Format Version 12.00
# Visual Studio Version 17
VisualStudioVersion = 17.14.36717.8
MinimumVisualStudioVersion = 10.0.40219.1
Project("{2150E333-8FDC-42A3-9474-1A3956D46DE8}") = "Task0", "Task0", "{02EA681E-C7D8-13C7-8484-4AC65E1B71E8}"
EndProject
Project("{FAE04EC0-301F-11D3-BF4B-00C04F79EFBC}") = "Tyuiu.MazurkevichVS.Sprint5.Task0.V19", "Tyuiu.MazurkevichVS.Sprint5.Task0.V19\Tyuiu.MazurkevichVS.Sprint5.Task0.V19.csproj", "{AC9E4EC3-ED3A-45A5-B6A8-BFF5CC12D649}"
EndProject
Project("{FAE04EC0-301F-11D3-BF4B-00C04F79EFBC}") = "Tyuiu.MazurkevichVS.Sprint5.Task0.V19.Lib", "Tyuiu.MazurkevichVS.Sprint5.Task0.V19.Lib\Tyuiu.MazurkevichVS.Sprint5.Task0.V19.Lib.csproj", "{337B2ABE-5A54-4B14-B15D-93337676A5EE}"
EndProject
Project("{FAE04EC0-301F-11D3-BF4B-00C04F79EFBC}") = "Tyuiu.MazurkevichVS.Sprint5.Task0.V19.Test", "Tyuiu.MazurkevichVS.Sprint5.Task0.V19.Test\Tyuiu.MazurkevichVS.Sprint5.Task0.V19.Test.csproj", "{29C331AB-419B-48AB-BE4F-9AD9D1F292DF}"
EndProject
Project("{2150E333-8FDC-42A3-9474-1A3956D46DE8}") = "Task1", "Task1", "{FFC03EBB-9102-42B5-8FDE-44554F4F0DF4}"
EndProject
Project("{FAE04EC0-301F-11D3-BF4B-00C04F79EFBC}") = "Tyuiu.MazurkevichVS.Sprint5.Task1.V25", "Tyuiu.MazurkevichVS.Sprint5.Task1.V25\Tyuiu.MazurkevichVS.Sprint5.Task1.V25.csproj", "{F88FAA61-B975-409A-A1B0-0A4D780EC699}"
EndProject
Project("{FAE04EC0-301F-11D3-BF4B-00C04F79EFBC}") = "Tyuiu.MazurkevichVS.Sprint5.Task1.V25.Lib", "Tyuiu.MazurkevichVS.Sprint5.Task1.V25.Lib\Tyuiu.MazurkevichVS.Sprint5.Task1.V25.Lib.csproj", "{6A5A82AF-88EC-4702-9C19-90BC87B0E8A8}"
EndProject
Project("{FAE04EC0-301F-11D3-BF4B-00C04F79EFBC}") = "Tyuiu.MazurkevichVS.Sprint5.Task1.V25.Test", "Tyuiu.MazurkevichVS.Sprint5.Task1.V25.Test\Tyuiu.MazurkevichVS.Sprint5.Task1.V25.Test.csproj", "{8C65ABDC-D3FA-4366-A70F-FFC0F6CB3E30}"
EndProject
Project("{2150E333-8FDC-42A3-9474-1A3956D46DE8}") = "Task2", "Task2", "{9DE991CE-9EA6-426E-9AD1-00C7F8889E55}"
EndProject
Project("{FAE04EC0-301F-11D3-BF4B-00C04F79EFBC}") = "Tyuiu.MazurkevichVS.Sprint5.Task2.V29", "Tyuiu.MazurkevichVS.Sprint5.Task2.V29\Tyuiu.MazurkevichVS.Sprint5.Task2.V29.csproj", "{321EEAE2-EEDB-448A-8A14-7D3593FB0AD1}"
EndProject
Project("{FAE04EC0-301F-11D3-BF4B-00C04F79EFBC}") = "Tyuiu.MazurkevichVS.Sprint5.Task2.V29.Test", "Tyuiu.MazurkevichVS.Sprint5.Task2.V29.Test\Tyuiu.MazurkevichVS.Sprint5.Task2.V29.Test.csproj", "{0A8B0232-0D38-49F9-A10F-491E8947AB68}"
EndProject
Project("{FAE04EC0-301F-11D3-BF4B-00C04F79EFBC}") = "Tyuiu.MazurkevichVS.Sprint5.Task2.V29.Lib", "Tyuiu.MazurkevichVS.Sprint5.Task2.V29.Lib\Tyuiu.MazurkevichVS.Sprint5.Task2.V29.Lib.csproj", "{CDCDFC88-B3BC-42FC-AECC-997D814334D2}"
EndProject
Project("{2150E333-8FDC-42A3-9474-1A3956D46DE8}") = "Task3", "Task3", "{838982D3-4048-4BE6-8358-3FE5D88C43E2}"
EndProject
Project("{FAE04EC0-301F-11D3-BF4B-00C04F79EFBC}") = "Tyuiu.MazurkevichVS.Sprint5.Task3.V24", "Tyuiu.MazurkevichVS.Sprint5.Task3.V24\Tyuiu.MazurkevichVS.Sprint5.Task3.V24.csproj", "{34D3DBD2-C706-4EFB-8FC0-754F6C18C43D}"
EndProject
Project("{FAE04EC0-301F-11D3-BF4B-00C04F79EFBC}") = "Tyuiu.MazurkevichVS.Sprint5.Task3.V24.Lib", "Tyuiu.MazurkevichVS.Sprint5.Task3.V24.Lib\Tyuiu.MazurkevichVS.Sprint5.Task3.V24.Lib.csproj", "{CE311B20-67F7-4E83-87BD-7403E9A2FE33}"
EndProject
Project("{FAE04EC0-301F-11D3-BF4B-00C04F79EFBC}") = "Tyuiu.MazurkevichVS.Sprint5.Task3.V24.Test", "Tyuiu.MazurkevichVS.Sprint5.Task3.V24.Test\Tyuiu.MazurkevichVS.Sprint5.Task3.V24.Test.csproj", "{CC4AA4DB-2BED-4660-8DB4-363C61635FE5}"
EndProject
Global
	GlobalSection(SolutionConfigurationPlatforms) = preSolution
		Debug|Any CPU = Debug|Any CPU
		Release|Any CPU = Release|Any CPU
	EndGlobalSection
	GlobalSection(ProjectConfigurationPlatforms) = postSolution
		{AC9E4EC3-ED3A-45A5-B6A8-BFF5CC12D649}.Debug|Any CPU.ActiveCfg = Debug|Any CPU
		{AC9E4EC3-ED3A-45A5-B6A8-BFF5CC12D649}.Debug|Any CPU.Build.0 = Debug|Any CPU
		{AC9E4EC3-ED3A-45A5-B6A8-BFF5CC12D649}.Release|Any CPU.ActiveCfg = Release|Any CPU
		{AC9E4EC3-ED3A-45A5-B6A8-BFF5CC12D649}.Release|Any CPU.Build.0 = Release|Any CPU
		{337B2ABE-5A54-4B14-B15D-93337676A5EE}.Debug|Any CPU.ActiveCfg = Debug|Any CPU
		{337B2ABE-5A54-4B14-B15D-93337676A5EE}.Debug|Any CPU.Build.0 = Debug|Any CPU
		{337B2ABE-5A54-4B14-B15D-93337676A5EE}.Release|Any CPU.ActiveCfg = Release|Any CPU
		{337B2ABE-5A54-4B14-B15D-93337676A5EE}.Release|Any CPU.Build.0 = Release|Any CPU
		{29C331AB-419B-48AB-BE4F-9AD9D1F292DF}.Debug|Any CPU.ActiveCfg = Debug|Any CPU
		{29C331AB-419B-48AB-BE4F-9AD9D1F292DF}.Debug|Any CPU.Build.0 = Debug|Any CPU
		{29C331AB-419B-48AB-BE4F-9AD9D1F292DF}.Release|Any CPU.ActiveCfg = Release|Any CPU
		{29C331AB-419B-48AB-BE4F-9AD9D1F292DF}.Release|Any CPU.Build.0 = Release|Any CPU
		{F88FAA61-B975-409A-A1B0-0A4D780EC699}.Debug|Any CPU.ActiveCfg = Debug|Any CPU
		{F88FAA61-B975-409A-A1B0-0A4D780EC699}.Debug|Any CPU.Build.0 = Debug|Any CPU
		{F88FAA61-B975-409A-A1B0-0A4D780EC699}.Release|Any CPU.ActiveCfg = Release|Any CPU
		{F88FAA61-B975-409A-A1B0-0A4D780EC699}.Release|Any CPU.Build.0 = Release|Any CPU
		{6A5A82AF-88EC-4702-9C19-90BC87B0E8A8}.Debug|Any CPU.ActiveCfg = Debug|Any CPU
		{6A5A82AF-88EC-4702-9C19-90BC87B0E8A8}.Debug|Any CPU.Build.0 = Debug|Any CPU
		{6A5A82AF-88EC-4702-9C19-90BC87B0E8A8}.Release|Any CPU.ActiveCfg = Release|Any CPU
		{6A5A82AF-88EC-4702-9C19-90BC87B0E8A8}.Release|Any CPU.Build.0 = Release|Any CPU
		{8C65ABDC-D3FA-4366-A70F-FFC0F6CB3E30}.Debug|Any CPU.ActiveCfg = Debug|Any CPU
		{8C65ABDC-D3FA-4366-A70F-FFC0F6CB3E30}.Debug|Any CPU.Build.0 = Debug|Any CPU
		{8C65ABDC-D3FA-4366-A70F-FFC0F6CB3E30}.Release|Any CPU.ActiveCfg = Release|Any CPU
		{8C65ABDC-D3FA-4366-A70F-FFC0F6CB3E30}.Release|Any CPU.Build.0 = Release|Any CPU
		{321EEAE2-EEDB-448A-8A14-7D3593FB0AD1}.Debug|Any CPU.ActiveCfg = Debug|Any CPU
		{321EEAE2-EEDB-448A-8A14-7D3593FB0AD1}.Debug|Any CPU.Build.0 = Debug|Any CPU
		{321EEAE2-EEDB-448A-8A14-7D3593FB0AD1}.Release|Any CPU.ActiveCfg = Release|Any CPU
		{321EEAE2-EEDB-448A-8A14-7D3593FB0AD1}.Release|Any CPU.Build.0 = Release|Any CPU
		{0A8B0232-0D38-49F9-A10F-491E8947AB68}.Debug|Any CPU.ActiveCfg = Debug|Any CPU
		{0A8B0232-0D38-49F9-A10F-491E8947AB68}.Debug|Any CPU.Build.0 = Debug|Any CPU
		{0A8B0232-0D38-49F9-A10F-491E8947AB68}.Release|Any CPU.ActiveCfg = Release|Any CPU
		{0A8B0232-0D38-49F9-A10F-491E8947AB68}.Release|Any CPU.Build.0 = Release|Any CPU
		{CDCDFC88-B3BC-42FC-AECC-997D814334D2}.Debug|Any CPU.ActiveCfg = Debug|Any CPU
		{CDCDFC88-B3BC-42FC-AECC-997D814334D2}.Debug|Any CPU.Build.0 = Debug|Any CPU
		{CDCDFC88-B3BC-42FC-AECC-997D814334D2}.Release|Any CPU.ActiveCfg = Release|Any CPU
		{CDCDFC88-B3BC-42FC-AECC-997D814334D2}.Release|Any CPU.Build.0 = Release|Any CPU
		{34D3DBD2-C706-4EFB-8FC0-754F6C18C43D}.Debug|Any CPU.ActiveCfg = Debug|Any CPU
		{34D3DBD2-C706-4EFB-8FC0-754F6C18C43D}.Debug|Any CPU.Build.0 = Debug|Any CPU
		{34D3DBD2-C706-4EFB-8FC0-754F6C18C43D}.Release|Any CPU.ActiveCfg = Release|Any CPU
		{34D3DBD2-C706-4EFB-8FC0-754F6C18C43D}.Release|Any CPU.Build.0 = Release|Any CPU
		{CE311B20-67F7-4E83-87BD-7403E9A2FE33}.Debug|Any CPU.ActiveCfg = Debug|Any CPU
		{CE311B20-67F7-4E83-87BD-7403E9A2FE33}.Debug|Any CPU.Build.0 = Debug|Any CPU
		{CE311B20-67F7-4E83-87BD-7403E9A2FE33}.Release|Any CPU.ActiveCfg = Release|Any CPU
		{CE311B20-67F7-4E83-87BD-7403E9A2FE33}.Release|Any CPU.Build.0 = Release|Any CPU
		{CC4AA4DB-2BED-4660-8DB4-363C61635FE5}.Debug|Any CPU.ActiveCfg = Debug|Any CPU
		{CC4AA4DB-2BED-4660-8DB4-363C61635FE5}.Debug|Any CPU.Build.0 = Debug|Any CPU
		{CC4AA4DB-2BED-4660-8DB4-363C61635FE5}.Release|Any CPU.ActiveCfg = Release|Any CPU
		{CC4AA4DB-2BED-4660-8DB4-363C61635FE5}.Release|Any CPU.Build.0 = Release|Any CPU
	EndGlobalSection
	GlobalSection(SolutionProperties) = preSolution
		HideSolutionNode = FALSE
	EndGlobalSection
	GlobalSection(NestedProjects) = preSolution
		{AC9E4EC3-ED3A-45A5-B6A8-BFF5CC12D649} = {02EA681E-C7D8-13C7-8484-4AC65E1B71E8}
		{337B2ABE-5A54-4B14-B15D-93337676A5EE} = {02EA681E-C7D8-13C7-8484-4AC65E1B71E8}
		{29C331AB-419B-48AB-BE4F-9AD9D1F292DF} = {02EA681E-C7D8-13C7-8484-4AC65E1B71E8}
		{F88FAA61-B975-409A-A1B0-0A4D780EC699} = {FFC03EBB-9102-42B5-8FDE-44554F4F0DF4}
		{6A5A82AF-88EC-4702-9C19-90BC87B0E8A8} = {FFC03EBB-9102-42B5-8FDE-44554F4F0DF4}
		{8C65ABDC-D3FA-4366-A70F-FFC0F6CB3E30} = {FFC03EBB-9102-42B5-8FDE-44554F4F0DF4}
		{321EEAE2-EEDB-448A-8A14-7D3593FB0AD1} = {9DE991CE-9EA6-426E-9AD1-00C7F8889E55}
		{0A8B0232-0D38-49F9-A10F-491E8947AB68} = {9DE991CE-9EA6-426E-9AD1-00C7F8889E55}
		{CDCDFC88-B3BC-42FC-AECC-997D814334D2} = {9DE991CE-9EA6-426E-9AD1-00C7F8889E55}
		{34D3DBD2-C706-4EFB-8FC0-754F6C18C43D} = {838982D3-4048-4BE6-8358-3FE5D88C43E2}
		{CE311B20-67F7-4E83-87BD-7403E9A2FE33} = {838982D3-4048-4BE6-8358-3FE5D88C43E2}
		{CC4AA4DB-2BED-4660-8DB4-363C61635FE5} = {838982D3-4048-4BE6-8358-3FE5D88C43E2}
	EndGlobalSection
	GlobalSection(ExtensibilityGlobals) = postSolution
		SolutionGuid = {5A6053D7-28A3-42BD-A575-1128BD1A15D0}
	EndGlobalSection
EndGlobal
