
Microsoft Visual Studio Solution File, Format Version 12.00
# Visual Studio Version 17
VisualStudioVersion = 17.14.36717.8
MinimumVisualStudioVersion = 10.0.40219.1
Project("{2150E333-8FDC-42A3-9474-1A3956D46DE8}") = "Task0", "Task0", "{02EA681E-C7D8-13C7-8484-4AC65E1B71E8}"
EndProject
Project("{FAE04EC0-301F-11D3-BF4B-00C04F79EFBC}") = "Tyuiu.MazurkevichVS.Sprint5.Task0.V19", "Tyuiu.MazurkevichVS.Sprint5.Task0.V19\Tyuiu.MazurkevichVS.Sprint5.Task0.V19.csproj", "{AC9E4EC3-ED3A-45A5-B6A8-BFF5CC12D649}"
EndProject
Project("{FAE04EC0-301F-11D3-BF4B-00C04F79EFBC}") = "Tyuiu.MazurkevichVS.Sprint5.Task0.V19.Lib", "Tyuiu.MazurkevichVS.Sprint5.Task0.V19.Lib\Tyuiu.MazurkevichVS.Sprint5.Task0.V19.Lib.csproj", "{337B2ABE-5A54-4B14-B15D-93337676A5EE}"
EndProject
Project("{FAE04EC0-301F-11D3-BF4B-00C04F79EFBC}") = "Tyuiu.MazurkevichVS.Sprint5.Task0.V19.Test", "Tyuiu.MazurkevichVS.Sprint5.Task0.V19.Test\Tyuiu.MazurkevichVS.Sprint5.Task0.V19.Test.csproj", "{29C331AB-419B-48AB-BE4F-9AD9D1F292DF}"
EndProject
Project("{2150E333-8FDC-42A3-9474-1A3956D46DE8}") = "Task1", "Task1", "{FFC03EBB-9102-42B5-8FDE-44554F4F0DF4}"
EndProject
Project("{FAE04EC0-301F-11D3-BF4B-00C04F79EFBC}") = "Tyuiu.MazurkevichVS.Sprint5.Task1.V25", "Tyuiu.MazurkevichVS.Sprint5.Task1.V25\Tyuiu.MazurkevichVS.Sprint5.Task1.V25.csproj", "{F88FAA61-B975-409A-A1B0-0A4D780EC699}"
EndProject
Project("{FAE04EC0-301F-11D3-BF4B-00C04F79EFBC}") = "Tyuiu.MazurkevichVS.Sprint5.Task1.V25.Lib", "Tyuiu.MazurkevichVS.Sprint5.Task1.V25.Lib\Tyuiu.MazurkevichVS.Sprint5.Task1.V25.Lib.csproj", "{6A5A82AF-88EC-4702-9C19-90BC87B0E8A8}"
EndProject
Project("{FAE04EC0-301F-11D3-BF4B-00C04F79EFBC}") = "Tyuiu.MazurkevichVS.Sprint5.Task1.V25.Test", "Tyuiu.MazurkevichVS.Sprint5.Task1.V25.Test\Tyuiu.MazurkevichVS.Sprint5.Task1.V25.Test.csproj", "{8C65ABDC-D3FA-4366-A70F-FFC0F6CB3E30}"
EndProject
Global
	GlobalSection(SolutionConfigurationPlatforms) = preSolution
		Debug|Any CPU = Debug|Any CPU
		Release|Any CPU = Release|Any CPU
	EndGlobalSection
	GlobalSection(ProjectConfigurationPlatforms) = postSolution
		{AC9E4EC3-ED3A-45A5-B6A8-BFF5CC12D649}.Debug|Any CPU.ActiveCfg = Debug|Any CPU
		{AC9E4EC3-ED3A-45A5-B6A8-BFF5CC12D649}.Debug|Any CPU.Build.0 = Debug|Any CPU
		{AC9E4EC3-ED3A-45A5-B6A8-BFF5CC12D649}.Release|Any CPU.ActiveCfg = Release|Any CPU
		{AC9E4EC3-ED3A-45A5-B6A8-BFF5CC12D649}.Release|Any CPU.Build.0 = Release|Any CPU
		{337B2ABE-5A54-4B14-B15D-93337676A5EE}.Debug|Any CPU.ActiveCfg = Debug|Any CPU
		{337B2ABE-5A54-4B14-B15D-93337676A5EE}.Debug|Any CPU.Build.0 = Debug|Any CPU
		{337B2ABE-5A54-4B14-B15D-93337676A5EE}.Release|Any CPU.ActiveCfg = Release|Any CPU
		{337B2ABE-5A54-4B14-B15D-93337676A5EE}.Release|Any CPU.Build.0 = Release|Any CPU
		{29C331AB-419B-48AB-BE4F-9AD9D1F292DF}.Debug|Any CPU.ActiveCfg = Debug|Any CPU
		{29C331AB-419B-48AB-BE4F-9AD9D1F292DF}.Debug|Any CPU.Build.0 = Debug|Any CPU
		{29C331AB-419B-48AB-BE4F-9AD9D1F292DF}.Release|Any CPU.ActiveCfg = Release|Any CPU
		{29C331AB-419B-48AB-BE4F-9AD9D1F292DF}.Release|Any CPU.Build.0 = Release|Any CPU
		{F88FAA61-B975-409A-A1B0-0A4D780EC699}.Debug|Any CPU.ActiveCfg = Debug|Any CPU
		{F88FAA61-B975-409A-A1B0-0A4D780EC699}.Debug|Any CPU.Build.0 = Debug|Any CPU
		{F88FAA61-B975-409A-A1B0-0A4D780EC699}.Release|Any CPU.ActiveCfg = Release|Any CPU
		{F88FAA61-B975-409A-A1B0-0A4D780EC699}.Release|Any CPU.Build.0 = Release|Any CPU
		{6A5A82AF-88EC-4702-9C19-90BC87B0E8A8}.Debug|Any CPU.ActiveCfg = Debug|Any CPU
		{6A5A82AF-88EC-4702-9C19-90BC87B0E8A8}.Debug|Any CPU.Build.0 = Debug|Any CPU
		{6A5A82AF-88EC-4702-9C19-90BC87B0E8A8}.Release|Any CPU.ActiveCfg = Release|Any CPU
		{6A5A82AF-88EC-4702-9C19-90BC87B0E8A8}.Release|Any CPU.Build.0 = Release|Any CPU
		{8C65ABDC-D3FA-4366-A70F-FFC0F6CB3E30}.Debug|Any CPU.ActiveCfg = Debug|Any CPU
		{8C65ABDC-D3FA-4366-A70F-FFC0F6CB3E30}.Debug|Any CPU.Build.0 = Debug|Any CPU
		{8C65ABDC-D3FA-4366-A70F-FFC0F6CB3E30}.Release|Any CPU.ActiveCfg = Release|Any CPU
		{8C65ABDC-D3FA-4366-A70F-FFC0F6CB3E30}.Release|Any CPU.Build.0 = Release|Any CPU
	EndGlobalSection
	GlobalSection(SolutionProperties) = preSolution
		HideSolutionNode = FALSE
	EndGlobalSection
	GlobalSection(NestedProjects) = preSolution
		{AC9E4EC3-ED3A-45A5-B6A8-BFF5CC12D649} = {02EA681E-C7D8-13C7-8484-4AC65E1B71E8}
		{337B2ABE-5A54-4B14-B15D-93337676A5EE} = {02EA681E-C7D8-13C7-8484-4AC65E1B71E8}
		{29C331AB-419B-48AB-BE4F-9AD9D1F292DF} = {02EA681E-C7D8-13C7-8484-4AC65E1B71E8}
		{F88FAA61-B975-409A-A1B0-0A4D780EC699} = {FFC03EBB-9102-42B5-8FDE-44554F4F0DF4}
		{6A5A82AF-88EC-4702-9C19-90BC87B0E8A8} = {FFC03EBB-9102-42B5-8FDE-44554F4F0DF4}
		{8C65ABDC-D3FA-4366-A70F-FFC0F6CB3E30} = {FFC03EBB-9102-42B5-8FDE-44554F4F0DF4}
	EndGlobalSection
	GlobalSection(ExtensibilityGlobals) = postSolution
		SolutionGuid = {5A6053D7-28A3-42BD-A575-1128BD1A15D0}
	EndGlobalSection
EndGlobal
